
Microsoft Visual Studio Solution File, Format Version 12.00
# Visual Studio Version 17
VisualStudioVersion = 17.13.35806.99 d17.13
MinimumVisualStudioVersion = 10.0.40219.1
Project("{FAE04EC0-301F-11D3-BF4B-00C04F79EFBC}") = "BankAccount", "BankAccount\BankAccount.csproj", "{FDC90EE6-0B94-440C-B5FA-E2ECEDC37CAA}"
EndProject
Global
	GlobalSection(SolutionConfigurationPlatforms) = preSolution
		Debug|Any CPU = Debug|Any CPU
		Release|Any CPU = Release|Any CPU
	EndGlobalSection
	GlobalSection(ProjectConfigurationPlatforms) = postSolution
		{FDC90EE6-0B94-440C-B5FA-E2ECEDC37CAA}.Debug|Any CPU.ActiveCfg = Debug|Any CPU
		{FDC90EE6-0B94-440C-B5FA-E2ECEDC37CAA}.Debug|Any CPU.Build.0 = Debug|Any CPU
		{FDC90EE6-0B94-440C-B5FA-E2ECEDC37CAA}.Release|Any CPU.ActiveCfg = Release|Any CPU
		{FDC90EE6-0B94-440C-B5FA-E2ECEDC37CAA}.Release|Any CPU.Build.0 = Release|Any CPU
	EndGlobalSection
	GlobalSection(SolutionProperties) = preSolution
		HideSolutionNode = FALSE
	EndGlobalSection
	GlobalSection(ExtensibilityGlobals) = postSolution
		SolutionGuid = {CDEE2908-68F4-4B1C-86FA-2DECAAEDB098}
	EndGlobalSection
EndGlobal
